on:
  workflow_dispatch:

permissions:
  contents: read

jobs:
  links:
    runs-on: ubuntu-latest
    steps:
      - uses: actions/checkout@v4
      - name: Setup
        run: pip install -r docs/requirements.txt
      - name: Check links
        run: |
          python scripts/check_links.py             --root docs             --strict || echo "::warning::some links need attention"
      - name: Upload the log
        uses: actions/upload-artifact@v4
        with:
          name: logs
          path: logs/
